
Microsoft Visual Studio Solution File, Format Version 12.00
# Visual Studio 14
VisualStudioVersion = 14.0.25420.1
MinimumVisualStudioVersion = 10.0.40219.1
Project("{FAE04EC0-301F-11D3-BF4B-00C04F79EFBC}") = "AndroidAppTest.Droid", "AndroidAppTest\AndroidAppTest.Droid\AndroidAppTest.Droid.csproj", "{DC5599A2-013C-45B7-A02E-467FF5303FBF}"
EndProject
Project("{FAE04EC0-301F-11D3-BF4B-00C04F79EFBC}") = "AndroidAppTest.iOS", "AndroidAppTest\AndroidAppTest.iOS\AndroidAppTest.iOS.csproj", "{DE129766-497B-4D0D-9E18-0C2CCF88F88C}"
EndProject
Project("{FAE04EC0-301F-11D3-BF4B-00C04F79EFBC}") = "AndroidAppTest.UWP", "AndroidAppTest\AndroidAppTest.UWP\AndroidAppTest.UWP.csproj", "{8B6072C4-1519-4970-9A11-98ECE3CC73DE}"
EndProject
Project("{FAE04EC0-301F-11D3-BF4B-00C04F79EFBC}") = "AndroidAppTest", "AndroidAppTest\AndroidAppTest\AndroidAppTest.csproj", "{C84019B5-67F1-4A56-A636-1125FC2A1CB9}"
EndProject
Global
	GlobalSection(SolutionConfigurationPlatforms) = preSolution
		Ad-Hoc|Any CPU = Ad-Hoc|Any CPU
		Ad-Hoc|ARM = Ad-Hoc|ARM
		Ad-Hoc|iPhone = Ad-Hoc|iPhone
		Ad-Hoc|iPhoneSimulator = Ad-Hoc|iPhoneSimulator
		Ad-Hoc|x64 = Ad-Hoc|x64
		Ad-Hoc|x86 = Ad-Hoc|x86
		AppStore|Any CPU = AppStore|Any CPU
		AppStore|ARM = AppStore|ARM
		AppStore|iPhone = AppStore|iPhone
		AppStore|iPhoneSimulator = AppStore|iPhoneSimulator
		AppStore|x64 = AppStore|x64
		AppStore|x86 = AppStore|x86
		Debug|Any CPU = Debug|Any CPU
		Debug|ARM = Debug|ARM
		Debug|iPhone = Debug|iPhone
		Debug|iPhoneSimulator = Debug|iPhoneSimulator
		Debug|x64 = Debug|x64
		Debug|x86 = Debug|x86
		Release|Any CPU = Release|Any CPU
		Release|ARM = Release|ARM
		Release|iPhone = Release|iPhone
		Release|iPhoneSimulator = Release|iPhoneSimulator
		Release|x64 = Release|x64
		Release|x86 = Release|x86
	EndGlobalSection
	GlobalSection(ProjectConfigurationPlatforms) = postSolution
		{DC5599A2-013C-45B7-A02E-467FF5303FBF}.Ad-Hoc|Any CPU.ActiveCfg = Release|Any CPU
		{DC5599A2-013C-45B7-A02E-467FF5303FBF}.Ad-Hoc|Any CPU.Build.0 = Release|Any CPU
		{DC5599A2-013C-45B7-A02E-467FF5303FBF}.Ad-Hoc|Any CPU.Deploy.0 = Release|Any CPU
		{DC5599A2-013C-45B7-A02E-467FF5303FBF}.Ad-Hoc|ARM.ActiveCfg = Release|Any CPU
		{DC5599A2-013C-45B7-A02E-467FF5303FBF}.Ad-Hoc|ARM.Build.0 = Release|Any CPU
		{DC5599A2-013C-45B7-A02E-467FF5303FBF}.Ad-Hoc|ARM.Deploy.0 = Release|Any CPU
		{DC5599A2-013C-45B7-A02E-467FF5303FBF}.Ad-Hoc|iPhone.ActiveCfg = Release|Any CPU
		{DC5599A2-013C-45B7-A02E-467FF5303FBF}.Ad-Hoc|iPhone.Build.0 = Release|Any CPU
		{DC5599A2-013C-45B7-A02E-467FF5303FBF}.Ad-Hoc|iPhone.Deploy.0 = Release|Any CPU
		{DC5599A2-013C-45B7-A02E-467FF5303FBF}.Ad-Hoc|iPhoneSimulator.ActiveCfg = Release|Any CPU
		{DC5599A2-013C-45B7-A02E-467FF5303FBF}.Ad-Hoc|iPhoneSimulator.Build.0 = Release|Any CPU
		{DC5599A2-013C-45B7-A02E-467FF5303FBF}.Ad-Hoc|iPhoneSimulator.Deploy.0 = Release|Any CPU
		{DC5599A2-013C-45B7-A02E-467FF5303FBF}.Ad-Hoc|x64.ActiveCfg = Release|Any CPU
		{DC5599A2-013C-45B7-A02E-467FF5303FBF}.Ad-Hoc|x64.Build.0 = Release|Any CPU
		{DC5599A2-013C-45B7-A02E-467FF5303FBF}.Ad-Hoc|x64.Deploy.0 = Release|Any CPU
		{DC5599A2-013C-45B7-A02E-467FF5303FBF}.Ad-Hoc|x86.ActiveCfg = Release|Any CPU
		{DC5599A2-013C-45B7-A02E-467FF5303FBF}.Ad-Hoc|x86.Build.0 = Release|Any CPU
		{DC5599A2-013C-45B7-A02E-467FF5303FBF}.Ad-Hoc|x86.Deploy.0 = Release|Any CPU
		{DC5599A2-013C-45B7-A02E-467FF5303FBF}.AppStore|Any CPU.ActiveCfg = Release|Any CPU
		{DC5599A2-013C-45B7-A02E-467FF5303FBF}.AppStore|Any CPU.Build.0 = Release|Any CPU
		{DC5599A2-013C-45B7-A02E-467FF5303FBF}.AppStore|Any CPU.Deploy.0 = Release|Any CPU
		{DC5599A2-013C-45B7-A02E-467FF5303FBF}.AppStore|ARM.ActiveCfg = Release|Any CPU
		{DC5599A2-013C-45B7-A02E-467FF5303FBF}.AppStore|ARM.Build.0 = Release|Any CPU
		{DC5599A2-013C-45B7-A02E-467FF5303FBF}.AppStore|ARM.Deploy.0 = Release|Any CPU
		{DC5599A2-013C-45B7-A02E-467FF5303FBF}.AppStore|iPhone.ActiveCfg = Release|Any CPU
		{DC5599A2-013C-45B7-A02E-467FF5303FBF}.AppStore|iPhone.Build.0 = Release|Any CPU
		{DC5599A2-013C-45B7-A02E-467FF5303FBF}.AppStore|iPhone.Deploy.0 = Release|Any CPU
		{DC5599A2-013C-45B7-A02E-467FF5303FBF}.AppStore|iPhoneSimulator.ActiveCfg = Release|Any CPU
		{DC5599A2-013C-45B7-A02E-467FF5303FBF}.AppStore|iPhoneSimulator.Build.0 = Release|Any CPU
		{DC5599A2-013C-45B7-A02E-467FF5303FBF}.AppStore|iPhoneSimulator.Deploy.0 = Release|Any CPU
		{DC5599A2-013C-45B7-A02E-467FF5303FBF}.AppStore|x64.ActiveCfg = Release|Any CPU
		{DC5599A2-013C-45B7-A02E-467FF5303FBF}.AppStore|x64.Build.0 = Release|Any CPU
		{DC5599A2-013C-45B7-A02E-467FF5303FBF}.AppStore|x64.Deploy.0 = Release|Any CPU
		{DC5599A2-013C-45B7-A02E-467FF5303FBF}.AppStore|x86.ActiveCfg = Release|Any CPU
		{DC5599A2-013C-45B7-A02E-467FF5303FBF}.AppStore|x86.Build.0 = Release|Any CPU
		{DC5599A2-013C-45B7-A02E-467FF5303FBF}.AppStore|x86.Deploy.0 = Release|Any CPU
		{DC5599A2-013C-45B7-A02E-467FF5303FBF}.Debug|Any CPU.ActiveCfg = Debug|Any CPU
		{DC5599A2-013C-45B7-A02E-467FF5303FBF}.Debug|Any CPU.Build.0 = Debug|Any CPU
		{DC5599A2-013C-45B7-A02E-467FF5303FBF}.Debug|Any CPU.Deploy.0 = Debug|Any CPU
		{DC5599A2-013C-45B7-A02E-467FF5303FBF}.Debug|ARM.ActiveCfg = Debug|Any CPU
		{DC5599A2-013C-45B7-A02E-467FF5303FBF}.Debug|ARM.Build.0 = Debug|Any CPU
		{DC5599A2-013C-45B7-A02E-467FF5303FBF}.Debug|ARM.Deploy.0 = Debug|Any CPU
		{DC5599A2-013C-45B7-A02E-467FF5303FBF}.Debug|iPhone.ActiveCfg = Debug|Any CPU
		{DC5599A2-013C-45B7-A02E-467FF5303FBF}.Debug|iPhone.Build.0 = Debug|Any CPU
		{DC5599A2-013C-45B7-A02E-467FF5303FBF}.Debug|iPhone.Deploy.0 = Debug|Any CPU
		{DC5599A2-013C-45B7-A02E-467FF5303FBF}.Debug|iPhoneSimulator.ActiveCfg = Debug|Any CPU
		{DC5599A2-013C-45B7-A02E-467FF5303FBF}.Debug|iPhoneSimulator.Build.0 = Debug|Any CPU
		{DC5599A2-013C-45B7-A02E-467FF5303FBF}.Debug|iPhoneSimulator.Deploy.0 = Debug|Any CPU
		{DC5599A2-013C-45B7-A02E-467FF5303FBF}.Debug|x64.ActiveCfg = Debug|Any CPU
		{DC5599A2-013C-45B7-A02E-467FF5303FBF}.Debug|x64.Build.0 = Debug|Any CPU
		{DC5599A2-013C-45B7-A02E-467FF5303FBF}.Debug|x64.Deploy.0 = Debug|Any CPU
		{DC5599A2-013C-45B7-A02E-467FF5303FBF}.Debug|x86.ActiveCfg = Debug|Any CPU
		{DC5599A2-013C-45B7-A02E-467FF5303FBF}.Debug|x86.Build.0 = Debug|Any CPU
		{DC5599A2-013C-45B7-A02E-467FF5303FBF}.Debug|x86.Deploy.0 = Debug|Any CPU
		{DC5599A2-013C-45B7-A02E-467FF5303FBF}.Release|Any CPU.ActiveCfg = Release|Any CPU
		{DC5599A2-013C-45B7-A02E-467FF5303FBF}.Release|Any CPU.Build.0 = Release|Any CPU
		{DC5599A2-013C-45B7-A02E-467FF5303FBF}.Release|Any CPU.Deploy.0 = Release|Any CPU
		{DC5599A2-013C-45B7-A02E-467FF5303FBF}.Release|ARM.ActiveCfg = Release|Any CPU
		{DC5599A2-013C-45B7-A02E-467FF5303FBF}.Release|ARM.Build.0 = Release|Any CPU
		{DC5599A2-013C-45B7-A02E-467FF5303FBF}.Release|ARM.Deploy.0 = Release|Any CPU
		{DC5599A2-013C-45B7-A02E-467FF5303FBF}.Release|iPhone.ActiveCfg = Release|Any CPU
		{DC5599A2-013C-45B7-A02E-467FF5303FBF}.Release|iPhone.Build.0 = Release|Any CPU
		{DC5599A2-013C-45B7-A02E-467FF5303FBF}.Release|iPhone.Deploy.0 = Release|Any CPU
		{DC5599A2-013C-45B7-A02E-467FF5303FBF}.Release|iPhoneSimulator.ActiveCfg = Release|Any CPU
		{DC5599A2-013C-45B7-A02E-467FF5303FBF}.Release|iPhoneSimulator.Build.0 = Release|Any CPU
		{DC5599A2-013C-45B7-A02E-467FF5303FBF}.Release|iPhoneSimulator.Deploy.0 = Release|Any CPU
		{DC5599A2-013C-45B7-A02E-467FF5303FBF}.Release|x64.ActiveCfg = Release|Any CPU
		{DC5599A2-013C-45B7-A02E-467FF5303FBF}.Release|x64.Build.0 = Release|Any CPU
		{DC5599A2-013C-45B7-A02E-467FF5303FBF}.Release|x64.Deploy.0 = Release|Any CPU
		{DC5599A2-013C-45B7-A02E-467FF5303FBF}.Release|x86.ActiveCfg = Release|Any CPU
		{DC5599A2-013C-45B7-A02E-467FF5303FBF}.Release|x86.Build.0 = Release|Any CPU
		{DC5599A2-013C-45B7-A02E-467FF5303FBF}.Release|x86.Deploy.0 = Release|Any CPU
		{DE129766-497B-4D0D-9E18-0C2CCF88F88C}.Ad-Hoc|Any CPU.ActiveCfg = Ad-Hoc|iPhone
		{DE129766-497B-4D0D-9E18-0C2CCF88F88C}.Ad-Hoc|ARM.ActiveCfg = Ad-Hoc|iPhone
		{DE129766-497B-4D0D-9E18-0C2CCF88F88C}.Ad-Hoc|iPhone.ActiveCfg = Ad-Hoc|iPhone
		{DE129766-497B-4D0D-9E18-0C2CCF88F88C}.Ad-Hoc|iPhone.Build.0 = Ad-Hoc|iPhone
		{DE129766-497B-4D0D-9E18-0C2CCF88F88C}.Ad-Hoc|iPhoneSimulator.ActiveCfg = Ad-Hoc|iPhoneSimulator
		{DE129766-497B-4D0D-9E18-0C2CCF88F88C}.Ad-Hoc|iPhoneSimulator.Build.0 = Ad-Hoc|iPhoneSimulator
		{DE129766-497B-4D0D-9E18-0C2CCF88F88C}.Ad-Hoc|x64.ActiveCfg = Ad-Hoc|iPhone
		{DE129766-497B-4D0D-9E18-0C2CCF88F88C}.Ad-Hoc|x86.ActiveCfg = Ad-Hoc|iPhone
		{DE129766-497B-4D0D-9E18-0C2CCF88F88C}.AppStore|Any CPU.ActiveCfg = AppStore|iPhone
		{DE129766-497B-4D0D-9E18-0C2CCF88F88C}.AppStore|ARM.ActiveCfg = AppStore|iPhone
		{DE129766-497B-4D0D-9E18-0C2CCF88F88C}.AppStore|iPhone.ActiveCfg = AppStore|iPhone
		{DE129766-497B-4D0D-9E18-0C2CCF88F88C}.AppStore|iPhone.Build.0 = AppStore|iPhone
		{DE129766-497B-4D0D-9E18-0C2CCF88F88C}.AppStore|iPhoneSimulator.ActiveCfg = AppStore|iPhoneSimulator
		{DE129766-497B-4D0D-9E18-0C2CCF88F88C}.AppStore|iPhoneSimulator.Build.0 = AppStore|iPhoneSimulator
		{DE129766-497B-4D0D-9E18-0C2CCF88F88C}.AppStore|x64.ActiveCfg = AppStore|iPhone
		{DE129766-497B-4D0D-9E18-0C2CCF88F88C}.AppStore|x86.ActiveCfg = AppStore|iPhone
		{DE129766-497B-4D0D-9E18-0C2CCF88F88C}.Debug|Any CPU.ActiveCfg = Debug|iPhone
		{DE129766-497B-4D0D-9E18-0C2CCF88F88C}.Debug|ARM.ActiveCfg = Debug|iPhone
		{DE129766-497B-4D0D-9E18-0C2CCF88F88C}.Debug|iPhone.ActiveCfg = Debug|iPhone
		{DE129766-497B-4D0D-9E18-0C2CCF88F88C}.Debug|iPhone.Build.0 = Debug|iPhone
		{DE129766-497B-4D0D-9E18-0C2CCF88F88C}.Debug|iPhoneSimulator.ActiveCfg = Debug|iPhoneSimulator
		{DE129766-497B-4D0D-9E18-0C2CCF88F88C}.Debug|iPhoneSimulator.Build.0 = Debug|iPhoneSimulator
		{DE129766-497B-4D0D-9E18-0C2CCF88F88C}.Debug|x64.ActiveCfg = Debug|iPhone
		{DE129766-497B-4D0D-9E18-0C2CCF88F88C}.Debug|x86.ActiveCfg = Debug|iPhone
		{DE129766-497B-4D0D-9E18-0C2CCF88F88C}.Release|Any CPU.ActiveCfg = Release|iPhone
		{DE129766-497B-4D0D-9E18-0C2CCF88F88C}.Release|ARM.ActiveCfg = Release|iPhone
		{DE129766-497B-4D0D-9E18-0C2CCF88F88C}.Release|iPhone.ActiveCfg = Release|iPhone
		{DE129766-497B-4D0D-9E18-0C2CCF88F88C}.Release|iPhone.Build.0 = Release|iPhone
		{DE129766-497B-4D0D-9E18-0C2CCF88F88C}.Release|iPhoneSimulator.ActiveCfg = Release|iPhoneSimulator
		{DE129766-497B-4D0D-9E18-0C2CCF88F88C}.Release|iPhoneSimulator.Build.0 = Release|iPhoneSimulator
		{DE129766-497B-4D0D-9E18-0C2CCF88F88C}.Release|x64.ActiveCfg = Release|iPhone
		{DE129766-497B-4D0D-9E18-0C2CCF88F88C}.Release|x86.ActiveCfg = Release|iPhone
		{8B6072C4-1519-4970-9A11-98ECE3CC73DE}.Ad-Hoc|Any CPU.ActiveCfg = Release|x86
		{8B6072C4-1519-4970-9A11-98ECE3CC73DE}.Ad-Hoc|Any CPU.Build.0 = Release|x86
		{8B6072C4-1519-4970-9A11-98ECE3CC73DE}.Ad-Hoc|Any CPU.Deploy.0 = Release|x86
		{8B6072C4-1519-4970-9A11-98ECE3CC73DE}.Ad-Hoc|ARM.ActiveCfg = Release|ARM
		{8B6072C4-1519-4970-9A11-98ECE3CC73DE}.Ad-Hoc|ARM.Build.0 = Release|ARM
		{8B6072C4-1519-4970-9A11-98ECE3CC73DE}.Ad-Hoc|ARM.Deploy.0 = Release|ARM
		{8B6072C4-1519-4970-9A11-98ECE3CC73DE}.Ad-Hoc|iPhone.ActiveCfg = Release|x86
		{8B6072C4-1519-4970-9A11-98ECE3CC73DE}.Ad-Hoc|iPhone.Build.0 = Release|x86
		{8B6072C4-1519-4970-9A11-98ECE3CC73DE}.Ad-Hoc|iPhone.Deploy.0 = Release|x86
		{8B6072C4-1519-4970-9A11-98ECE3CC73DE}.Ad-Hoc|iPhoneSimulator.ActiveCfg = Release|x86
		{8B6072C4-1519-4970-9A11-98ECE3CC73DE}.Ad-Hoc|iPhoneSimulator.Build.0 = Release|x86
		{8B6072C4-1519-4970-9A11-98ECE3CC73DE}.Ad-Hoc|iPhoneSimulator.Deploy.0 = Release|x86
		{8B6072C4-1519-4970-9A11-98ECE3CC73DE}.Ad-Hoc|x64.ActiveCfg = Release|x64
		{8B6072C4-1519-4970-9A11-98ECE3CC73DE}.Ad-Hoc|x64.Build.0 = Release|x64
		{8B6072C4-1519-4970-9A11-98ECE3CC73DE}.Ad-Hoc|x64.Deploy.0 = Release|x64
		{8B6072C4-1519-4970-9A11-98ECE3CC73DE}.Ad-Hoc|x86.ActiveCfg = Release|x86
		{8B6072C4-1519-4970-9A11-98ECE3CC73DE}.Ad-Hoc|x86.Build.0 = Release|x86
		{8B6072C4-1519-4970-9A11-98ECE3CC73DE}.Ad-Hoc|x86.Deploy.0 = Release|x86
		{8B6072C4-1519-4970-9A11-98ECE3CC73DE}.AppStore|Any CPU.ActiveCfg = Release|x86
		{8B6072C4-1519-4970-9A11-98ECE3CC73DE}.AppStore|Any CPU.Build.0 = Release|x86
		{8B6072C4-1519-4970-9A11-98ECE3CC73DE}.AppStore|Any CPU.Deploy.0 = Release|x86
		{8B6072C4-1519-4970-9A11-98ECE3CC73DE}.AppStore|ARM.ActiveCfg = Release|ARM
		{8B6072C4-1519-4970-9A11-98ECE3CC73DE}.AppStore|ARM.Build.0 = Release|ARM
		{8B6072C4-1519-4970-9A11-98ECE3CC73DE}.AppStore|ARM.Deploy.0 = Release|ARM
		{8B6072C4-1519-4970-9A11-98ECE3CC73DE}.AppStore|iPhone.ActiveCfg = Release|x86
		{8B6072C4-1519-4970-9A11-98ECE3CC73DE}.AppStore|iPhone.Build.0 = Release|x86
		{8B6072C4-1519-4970-9A11-98ECE3CC73DE}.AppStore|iPhone.Deploy.0 = Release|x86
		{8B6072C4-1519-4970-9A11-98ECE3CC73DE}.AppStore|iPhoneSimulator.ActiveCfg = Release|x86
		{8B6072C4-1519-4970-9A11-98ECE3CC73DE}.AppStore|iPhoneSimulator.Build.0 = Release|x86
		{8B6072C4-1519-4970-9A11-98ECE3CC73DE}.AppStore|iPhoneSimulator.Deploy.0 = Release|x86
		{8B6072C4-1519-4970-9A11-98ECE3CC73DE}.AppStore|x64.ActiveCfg = Release|x64
		{8B6072C4-1519-4970-9A11-98ECE3CC73DE}.AppStore|x64.Build.0 = Release|x64
		{8B6072C4-1519-4970-9A11-98ECE3CC73DE}.AppStore|x64.Deploy.0 = Release|x64
		{8B6072C4-1519-4970-9A11-98ECE3CC73DE}.AppStore|x86.ActiveCfg = Release|x86
		{8B6072C4-1519-4970-9A11-98ECE3CC73DE}.AppStore|x86.Build.0 = Release|x86
		{8B6072C4-1519-4970-9A11-98ECE3CC73DE}.AppStore|x86.Deploy.0 = Release|x86
		{8B6072C4-1519-4970-9A11-98ECE3CC73DE}.Debug|Any CPU.ActiveCfg = Debug|x86
		{8B6072C4-1519-4970-9A11-98ECE3CC73DE}.Debug|ARM.ActiveCfg = Debug|ARM
		{8B6072C4-1519-4970-9A11-98ECE3CC73DE}.Debug|ARM.Build.0 = Debug|ARM
		{8B6072C4-1519-4970-9A11-98ECE3CC73DE}.Debug|ARM.Deploy.0 = Debug|ARM
		{8B6072C4-1519-4970-9A11-98ECE3CC73DE}.Debug|iPhone.ActiveCfg = Debug|x86
		{8B6072C4-1519-4970-9A11-98ECE3CC73DE}.Debug|iPhoneSimulator.ActiveCfg = Debug|x86
		{8B6072C4-1519-4970-9A11-98ECE3CC73DE}.Debug|x64.ActiveCfg = Debug|x64
		{8B6072C4-1519-4970-9A11-98ECE3CC73DE}.Debug|x64.Build.0 = Debug|x64
		{8B6072C4-1519-4970-9A11-98ECE3CC73DE}.Debug|x64.Deploy.0 = Debug|x64
		{8B6072C4-1519-4970-9A11-98ECE3CC73DE}.Debug|x86.ActiveCfg = Debug|x86
		{8B6072C4-1519-4970-9A11-98ECE3CC73DE}.Debug|x86.Build.0 = Debug|x86
		{8B6072C4-1519-4970-9A11-98ECE3CC73DE}.Debug|x86.Deploy.0 = Debug|x86
		{8B6072C4-1519-4970-9A11-98ECE3CC73DE}.Release|Any CPU.ActiveCfg = Release|x86
		{8B6072C4-1519-4970-9A11-98ECE3CC73DE}.Release|ARM.ActiveCfg = Release|ARM
		{8B6072C4-1519-4970-9A11-98ECE3CC73DE}.Release|ARM.Build.0 = Release|ARM
		{8B6072C4-1519-4970-9A11-98ECE3CC73DE}.Release|ARM.Deploy.0 = Release|ARM
		{8B6072C4-1519-4970-9A11-98ECE3CC73DE}.Release|iPhone.ActiveCfg = Release|x86
		{8B6072C4-1519-4970-9A11-98ECE3CC73DE}.Release|iPhoneSimulator.ActiveCfg = Release|x86
		{8B6072C4-1519-4970-9A11-98ECE3CC73DE}.Release|x64.ActiveCfg = Release|x64
		{8B6072C4-1519-4970-9A11-98ECE3CC73DE}.Release|x64.Build.0 = Release|x64
		{8B6072C4-1519-4970-9A11-98ECE3CC73DE}.Release|x64.Deploy.0 = Release|x64
		{8B6072C4-1519-4970-9A11-98ECE3CC73DE}.Release|x86.ActiveCfg = Release|x86
		{8B6072C4-1519-4970-9A11-98ECE3CC73DE}.Release|x86.Build.0 = Release|x86
		{8B6072C4-1519-4970-9A11-98ECE3CC73DE}.Release|x86.Deploy.0 = Release|x86
		{C84019B5-67F1-4A56-A636-1125FC2A1CB9}.Ad-Hoc|Any CPU.ActiveCfg = Release|Any CPU
		{C84019B5-67F1-4A56-A636-1125FC2A1CB9}.Ad-Hoc|Any CPU.Build.0 = Release|Any CPU
		{C84019B5-67F1-4A56-A636-1125FC2A1CB9}.Ad-Hoc|ARM.ActiveCfg = Release|Any CPU
		{C84019B5-67F1-4A56-A636-1125FC2A1CB9}.Ad-Hoc|ARM.Build.0 = Release|Any CPU
		{C84019B5-67F1-4A56-A636-1125FC2A1CB9}.Ad-Hoc|iPhone.ActiveCfg = Release|Any CPU
		{C84019B5-67F1-4A56-A636-1125FC2A1CB9}.Ad-Hoc|iPhone.Build.0 = Release|Any CPU
		{C84019B5-67F1-4A56-A636-1125FC2A1CB9}.Ad-Hoc|iPhoneSimulator.ActiveCfg = Release|Any CPU
		{C84019B5-67F1-4A56-A636-1125FC2A1CB9}.Ad-Hoc|iPhoneSimulator.Build.0 = Release|Any CPU
		{C84019B5-67F1-4A56-A636-1125FC2A1CB9}.Ad-Hoc|x64.ActiveCfg = Release|Any CPU
		{C84019B5-67F1-4A56-A636-1125FC2A1CB9}.Ad-Hoc|x64.Build.0 = Release|Any CPU
		{C84019B5-67F1-4A56-A636-1125FC2A1CB9}.Ad-Hoc|x86.ActiveCfg = Release|Any CPU
		{C84019B5-67F1-4A56-A636-1125FC2A1CB9}.Ad-Hoc|x86.Build.0 = Release|Any CPU
		{C84019B5-67F1-4A56-A636-1125FC2A1CB9}.AppStore|Any CPU.ActiveCfg = Release|Any CPU
		{C84019B5-67F1-4A56-A636-1125FC2A1CB9}.AppStore|Any CPU.Build.0 = Release|Any CPU
		{C84019B5-67F1-4A56-A636-1125FC2A1CB9}.AppStore|ARM.ActiveCfg = Release|Any CPU
		{C84019B5-67F1-4A56-A636-1125FC2A1CB9}.AppStore|ARM.Build.0 = Release|Any CPU
		{C84019B5-67F1-4A56-A636-1125FC2A1CB9}.AppStore|iPhone.ActiveCfg = Release|Any CPU
		{C84019B5-67F1-4A56-A636-1125FC2A1CB9}.AppStore|iPhone.Build.0 = Release|Any CPU
		{C84019B5-67F1-4A56-A636-1125FC2A1CB9}.AppStore|iPhoneSimulator.ActiveCfg = Release|Any CPU
		{C84019B5-67F1-4A56-A636-1125FC2A1CB9}.AppStore|iPhoneSimulator.Build.0 = Release|Any CPU
		{C84019B5-67F1-4A56-A636-1125FC2A1CB9}.AppStore|x64.ActiveCfg = Release|Any CPU
		{C84019B5-67F1-4A56-A636-1125FC2A1CB9}.AppStore|x64.Build.0 = Release|Any CPU
		{C84019B5-67F1-4A56-A636-1125FC2A1CB9}.AppStore|x86.ActiveCfg = Release|Any CPU
		{C84019B5-67F1-4A56-A636-1125FC2A1CB9}.AppStore|x86.Build.0 = Release|Any CPU
		{C84019B5-67F1-4A56-A636-1125FC2A1CB9}.Debug|Any CPU.ActiveCfg = Debug|Any CPU
		{C84019B5-67F1-4A56-A636-1125FC2A1CB9}.Debug|Any CPU.Build.0 = Debug|Any CPU
		{C84019B5-67F1-4A56-A636-1125FC2A1CB9}.Debug|ARM.ActiveCfg = Debug|Any CPU
		{C84019B5-67F1-4A56-A636-1125FC2A1CB9}.Debug|ARM.Build.0 = Debug|Any CPU
		{C84019B5-67F1-4A56-A636-1125FC2A1CB9}.Debug|iPhone.ActiveCfg = Debug|Any CPU
		{C84019B5-67F1-4A56-A636-1125FC2A1CB9}.Debug|iPhone.Build.0 = Debug|Any CPU
		{C84019B5-67F1-4A56-A636-1125FC2A1CB9}.Debug|iPhoneSimulator.ActiveCfg = Debug|Any CPU
		{C84019B5-67F1-4A56-A636-1125FC2A1CB9}.Debug|iPhoneSimulator.Build.0 = Debug|Any CPU
		{C84019B5-67F1-4A56-A636-1125FC2A1CB9}.Debug|x64.ActiveCfg = Debug|Any CPU
		{C84019B5-67F1-4A56-A636-1125FC2A1CB9}.Debug|x64.Build.0 = Debug|Any CPU
		{C84019B5-67F1-4A56-A636-1125FC2A1CB9}.Debug|x86.ActiveCfg = Debug|Any CPU
		{C84019B5-67F1-4A56-A636-1125FC2A1CB9}.Debug|x86.Build.0 = Debug|Any CPU
		{C84019B5-67F1-4A56-A636-1125FC2A1CB9}.Release|Any CPU.ActiveCfg = Release|Any CPU
		{C84019B5-67F1-4A56-A636-1125FC2A1CB9}.Release|Any CPU.Build.0 = Release|Any CPU
		{C84019B5-67F1-4A56-A636-1125FC2A1CB9}.Release|ARM.ActiveCfg = Release|Any CPU
		{C84019B5-67F1-4A56-A636-1125FC2A1CB9}.Release|ARM.Build.0 = Release|Any CPU
		{C84019B5-67F1-4A56-A636-1125FC2A1CB9}.Release|iPhone.ActiveCfg = Release|Any CPU
		{C84019B5-67F1-4A56-A636-1125FC2A1CB9}.Release|iPhone.Build.0 = Release|Any CPU
		{C84019B5-67F1-4A56-A636-1125FC2A1CB9}.Release|iPhoneSimulator.ActiveCfg = Release|Any CPU
		{C84019B5-67F1-4A56-A636-1125FC2A1CB9}.Release|iPhoneSimulator.Build.0 = Release|Any CPU
		{C84019B5-67F1-4A56-A636-1125FC2A1CB9}.Release|x64.ActiveCfg = Release|Any CPU
		{C84019B5-67F1-4A56-A636-1125FC2A1CB9}.Release|x64.Build.0 = Release|Any CPU
		{C84019B5-67F1-4A56-A636-1125FC2A1CB9}.Release|x86.ActiveCfg = Release|Any CPU
		{C84019B5-67F1-4A56-A636-1125FC2A1CB9}.Release|x86.Build.0 = Release|Any CPU
	EndGlobalSection
	GlobalSection(SolutionProperties) = preSolution
		HideSolutionNode = FALSE
	EndGlobalSection
EndGlobal
